
Microsoft Visual Studio Solution File, Format Version 12.00
# Visual Studio 15
VisualStudioVersion = 15.0.28307.329
MinimumVisualStudioVersion = 10.0.40219.1
Project("{FAE04EC0-301F-11D3-BF4B-00C04F79EFBC}") = "SEO-API", "WebApplication1\SEO-API.csproj", "{69B42247-5A58-4A55-8A29-3FE2EA5E962C}"
EndProject
Project("{9A19103F-16F7-4668-BE54-9A1E7A4F7556}") = "SEO.API", "SEO.API\SEO.API.csproj", "{F7975C3E-D77E-4A34-9415-9F04393A911D}"
EndProject
Project("{FAE04EC0-301F-11D3-BF4B-00C04F79EFBC}") = "SEO.BusinessLogicLayer", "SEO.BusinessLogicLayer\SEO.BusinessLogicLayer.csproj", "{03714CD2-E3B7-4B22-BE4F-83E142FC2741}"
EndProject
Project("{FAE04EC0-301F-11D3-BF4B-00C04F79EFBC}") = "SEO.API.FunctionalTests", "SEO.API.FunctionalTests\SEO.API.FunctionalTests.csproj", "{600EF82D-0058-428E-AF43-A9229786A71E}"
EndProject
Global
	GlobalSection(SolutionConfigurationPlatforms) = preSolution
		Debug|Any CPU = Debug|Any CPU
		Release|Any CPU = Release|Any CPU
	EndGlobalSection
	GlobalSection(ProjectConfigurationPlatforms) = postSolution
		{69B42247-5A58-4A55-8A29-3FE2EA5E962C}.Debug|Any CPU.ActiveCfg = Debug|Any CPU
		{69B42247-5A58-4A55-8A29-3FE2EA5E962C}.Debug|Any CPU.Build.0 = Debug|Any CPU
		{69B42247-5A58-4A55-8A29-3FE2EA5E962C}.Release|Any CPU.ActiveCfg = Release|Any CPU
		{69B42247-5A58-4A55-8A29-3FE2EA5E962C}.Release|Any CPU.Build.0 = Release|Any CPU
		{F7975C3E-D77E-4A34-9415-9F04393A911D}.Debug|Any CPU.ActiveCfg = Debug|Any CPU
		{F7975C3E-D77E-4A34-9415-9F04393A911D}.Debug|Any CPU.Build.0 = Debug|Any CPU
		{F7975C3E-D77E-4A34-9415-9F04393A911D}.Release|Any CPU.ActiveCfg = Release|Any CPU
		{F7975C3E-D77E-4A34-9415-9F04393A911D}.Release|Any CPU.Build.0 = Release|Any CPU
		{03714CD2-E3B7-4B22-BE4F-83E142FC2741}.Debug|Any CPU.ActiveCfg = Debug|Any CPU
		{03714CD2-E3B7-4B22-BE4F-83E142FC2741}.Debug|Any CPU.Build.0 = Debug|Any CPU
		{03714CD2-E3B7-4B22-BE4F-83E142FC2741}.Release|Any CPU.ActiveCfg = Release|Any CPU
		{03714CD2-E3B7-4B22-BE4F-83E142FC2741}.Release|Any CPU.Build.0 = Release|Any CPU
		{600EF82D-0058-428E-AF43-A9229786A71E}.Debug|Any CPU.ActiveCfg = Debug|Any CPU
		{600EF82D-0058-428E-AF43-A9229786A71E}.Debug|Any CPU.Build.0 = Debug|Any CPU
		{600EF82D-0058-428E-AF43-A9229786A71E}.Release|Any CPU.ActiveCfg = Release|Any CPU
		{600EF82D-0058-428E-AF43-A9229786A71E}.Release|Any CPU.Build.0 = Release|Any CPU
	EndGlobalSection
	GlobalSection(SolutionProperties) = preSolution
		HideSolutionNode = FALSE
	EndGlobalSection
	GlobalSection(ExtensibilityGlobals) = postSolution
		SolutionGuid = {31E47296-19BD-4DA6-BAA0-5448D3BFC086}
	EndGlobalSection
EndGlobal
